
Microsoft Visual Studio Solution File, Format Version 12.00
# Visual Studio 2017
Project("{FAE04EC0-301F-11D3-BF4B-00C04F79EFBC}") = "2DScroller.Plugins", "2DScroller.Plugins.csproj", "{C1306C08-8262-18C0-5677-82C6BE8F59B9}"
EndProject
Project("{FAE04EC0-301F-11D3-BF4B-00C04F79EFBC}") = "2DScroller", "2DScroller.csproj", "{C1A1B830-62A7-68D3-A382-8EAF3459C85F}"
EndProject
Project("{FAE04EC0-301F-11D3-BF4B-00C04F79EFBC}") = "2DScroller.Editor", "2DScroller.Editor.csproj", "{1CFCD5D2-05D7-0C59-D515-8424136C775C}"
EndProject
Global
	GlobalSection(SolutionConfigurationPlatforms) = preSolution
		Debug|Any CPU = Debug|Any CPU
		Release|Any CPU = Release|Any CPU
	EndGlobalSection
	GlobalSection(ProjectConfigurationPlatforms) = postSolution
		{C1306C08-8262-18C0-5677-82C6BE8F59B9}.Debug|Any CPU.ActiveCfg = Debug|Any CPU
		{C1306C08-8262-18C0-5677-82C6BE8F59B9}.Debug|Any CPU.Build.0 = Debug|Any CPU
		{C1306C08-8262-18C0-5677-82C6BE8F59B9}.Release|Any CPU.ActiveCfg = Release|Any CPU
		{C1306C08-8262-18C0-5677-82C6BE8F59B9}.Release|Any CPU.Build.0 = Release|Any CPU
		{C1A1B830-62A7-68D3-A382-8EAF3459C85F}.Debug|Any CPU.ActiveCfg = Debug|Any CPU
		{C1A1B830-62A7-68D3-A382-8EAF3459C85F}.Debug|Any CPU.Build.0 = Debug|Any CPU
		{C1A1B830-62A7-68D3-A382-8EAF3459C85F}.Release|Any CPU.ActiveCfg = Release|Any CPU
		{C1A1B830-62A7-68D3-A382-8EAF3459C85F}.Release|Any CPU.Build.0 = Release|Any CPU
		{1CFCD5D2-05D7-0C59-D515-8424136C775C}.Debug|Any CPU.ActiveCfg = Debug|Any CPU
		{1CFCD5D2-05D7-0C59-D515-8424136C775C}.Debug|Any CPU.Build.0 = Debug|Any CPU
		{1CFCD5D2-05D7-0C59-D515-8424136C775C}.Release|Any CPU.ActiveCfg = Release|Any CPU
		{1CFCD5D2-05D7-0C59-D515-8424136C775C}.Release|Any CPU.Build.0 = Release|Any CPU
	EndGlobalSection
	GlobalSection(SolutionProperties) = preSolution
		HideSolutionNode = FALSE
	EndGlobalSection
EndGlobal
